
Microsoft Visual Studio Solution File, Format Version 12.00
# Visual Studio Version 16
VisualStudioVersion = 16.0.31702.278
MinimumVisualStudioVersion = 10.0.40219.1
Project("{9A19103F-16F7-4668-BE54-9A1E7A4F7556}") = "DapperConsole", "DapperConsole\DapperConsole.csproj", "{37C2A7E7-54D3-4C8D-8637-94CA38D599C8}"
EndProject
Project("{9A19103F-16F7-4668-BE54-9A1E7A4F7556}") = "MySqlDapper", "MySqlDapper\MySqlDapper.csproj", "{EC55D25E-846F-4EB6-94CC-EA1CE85D62A1}"
EndProject
Project("{FAE04EC0-301F-11D3-BF4B-00C04F79EFBC}") = "PersonaMySQLApi", "PersonaMySQLApi\PersonaMySQLApi.csproj", "{C86B4C7F-3BCD-4DC4-9F26-401DC992224F}"
EndProject
Global
	GlobalSection(SolutionConfigurationPlatforms) = preSolution
		Debug|Any CPU = Debug|Any CPU
		Release|Any CPU = Release|Any CPU
	EndGlobalSection
	GlobalSection(ProjectConfigurationPlatforms) = postSolution
		{37C2A7E7-54D3-4C8D-8637-94CA38D599C8}.Debug|Any CPU.ActiveCfg = Debug|Any CPU
		{37C2A7E7-54D3-4C8D-8637-94CA38D599C8}.Debug|Any CPU.Build.0 = Debug|Any CPU
		{37C2A7E7-54D3-4C8D-8637-94CA38D599C8}.Release|Any CPU.ActiveCfg = Release|Any CPU
		{37C2A7E7-54D3-4C8D-8637-94CA38D599C8}.Release|Any CPU.Build.0 = Release|Any CPU
		{EC55D25E-846F-4EB6-94CC-EA1CE85D62A1}.Debug|Any CPU.ActiveCfg = Debug|Any CPU
		{EC55D25E-846F-4EB6-94CC-EA1CE85D62A1}.Debug|Any CPU.Build.0 = Debug|Any CPU
		{EC55D25E-846F-4EB6-94CC-EA1CE85D62A1}.Release|Any CPU.ActiveCfg = Release|Any CPU
		{EC55D25E-846F-4EB6-94CC-EA1CE85D62A1}.Release|Any CPU.Build.0 = Release|Any CPU
		{C86B4C7F-3BCD-4DC4-9F26-401DC992224F}.Debug|Any CPU.ActiveCfg = Debug|Any CPU
		{C86B4C7F-3BCD-4DC4-9F26-401DC992224F}.Debug|Any CPU.Build.0 = Debug|Any CPU
		{C86B4C7F-3BCD-4DC4-9F26-401DC992224F}.Release|Any CPU.ActiveCfg = Release|Any CPU
		{C86B4C7F-3BCD-4DC4-9F26-401DC992224F}.Release|Any CPU.Build.0 = Release|Any CPU
	EndGlobalSection
	GlobalSection(SolutionProperties) = preSolution
		HideSolutionNode = FALSE
	EndGlobalSection
	GlobalSection(ExtensibilityGlobals) = postSolution
		SolutionGuid = {3D0CEE85-0F49-4890-97D7-E4C9E9FF5757}
	EndGlobalSection
EndGlobal
